
Microsoft Visual Studio Solution File, Format Version 12.00
# Visual Studio Version 16
VisualStudioVersion = 16.0.30804.86
MinimumVisualStudioVersion = 10.0.40219.1
Project("{FAE04EC0-301F-11D3-BF4B-00C04F79EFBC}") = "execute-intraday", "execute-intraday\execute-intraday.csproj", "{A76926CF-FC65-436C-B925-7C56E256A4D9}"
EndProject
Global
	GlobalSection(SolutionConfigurationPlatforms) = preSolution
		Debug|Any CPU = Debug|Any CPU
		Release|Any CPU = Release|Any CPU
	EndGlobalSection
	GlobalSection(ProjectConfigurationPlatforms) = postSolution
		{A76926CF-FC65-436C-B925-7C56E256A4D9}.Debug|Any CPU.ActiveCfg = Debug|Any CPU
		{A76926CF-FC65-436C-B925-7C56E256A4D9}.Debug|Any CPU.Build.0 = Debug|Any CPU
		{A76926CF-FC65-436C-B925-7C56E256A4D9}.Release|Any CPU.ActiveCfg = Release|Any CPU
		{A76926CF-FC65-436C-B925-7C56E256A4D9}.Release|Any CPU.Build.0 = Release|Any CPU
	EndGlobalSection
	GlobalSection(SolutionProperties) = preSolution
		HideSolutionNode = FALSE
	EndGlobalSection
	GlobalSection(ExtensibilityGlobals) = postSolution
		SolutionGuid = {F9B742BC-2E1B-4AEC-B7D9-E38FB95471AE}
	EndGlobalSection
EndGlobal
